
Microsoft Visual Studio Solution File, Format Version 12.00
# Visual Studio Version 17
VisualStudioVersion = 17.6.33712.159
MinimumVisualStudioVersion = 10.0.40219.1
Project("{9A19103F-16F7-4668-BE54-9A1E7A4F7556}") = "ProgramDuon.Training.BlazorApp", "ProgramDuon.Training.BlazorApp\ProgramDuon.Training.BlazorApp.csproj", "{FCEBF00C-E9F9-461D-BBBF-8CF85507BB39}"
EndProject
Project("{9A19103F-16F7-4668-BE54-9A1E7A4F7556}") = "ProgramDuon.Training.Api", "ProgramDuon.Training.Api\ProgramDuon.Training.Api.csproj", "{2642D1EE-E667-4815-B8C1-2FDC2A1008A9}"
EndProject
Project("{9A19103F-16F7-4668-BE54-9A1E7A4F7556}") = "ProgramDuon.Training.Domain", "ProgramDuon.Training.Domain\ProgramDuon.Training.Domain.csproj", "{E2C79809-8662-40B7-9553-A162C98E7D94}"
EndProject
Project("{9A19103F-16F7-4668-BE54-9A1E7A4F7556}") = "ProgramDuon.Training.Infrastructure", "ProgramDuon.Training.Infrastructure\ProgramDuon.Training.Infrastructure.csproj", "{5FD1C9AD-B36A-4410-9CFB-B2547D94C8D2}"
EndProject
Project("{9A19103F-16F7-4668-BE54-9A1E7A4F7556}") = "Auth.Api", "Auth.Api\Auth.Api.csproj", "{79715EE5-8F17-4827-8CD0-35BDBF174873}"
EndProject
Global
	GlobalSection(SolutionConfigurationPlatforms) = preSolution
		Debug|Any CPU = Debug|Any CPU
		Release|Any CPU = Release|Any CPU
	EndGlobalSection
	GlobalSection(ProjectConfigurationPlatforms) = postSolution
		{FCEBF00C-E9F9-461D-BBBF-8CF85507BB39}.Debug|Any CPU.ActiveCfg = Debug|Any CPU
		{FCEBF00C-E9F9-461D-BBBF-8CF85507BB39}.Debug|Any CPU.Build.0 = Debug|Any CPU
		{FCEBF00C-E9F9-461D-BBBF-8CF85507BB39}.Release|Any CPU.ActiveCfg = Release|Any CPU
		{FCEBF00C-E9F9-461D-BBBF-8CF85507BB39}.Release|Any CPU.Build.0 = Release|Any CPU
		{2642D1EE-E667-4815-B8C1-2FDC2A1008A9}.Debug|Any CPU.ActiveCfg = Debug|Any CPU
		{2642D1EE-E667-4815-B8C1-2FDC2A1008A9}.Debug|Any CPU.Build.0 = Debug|Any CPU
		{2642D1EE-E667-4815-B8C1-2FDC2A1008A9}.Release|Any CPU.ActiveCfg = Release|Any CPU
		{2642D1EE-E667-4815-B8C1-2FDC2A1008A9}.Release|Any CPU.Build.0 = Release|Any CPU
		{E2C79809-8662-40B7-9553-A162C98E7D94}.Debug|Any CPU.ActiveCfg = Debug|Any CPU
		{E2C79809-8662-40B7-9553-A162C98E7D94}.Debug|Any CPU.Build.0 = Debug|Any CPU
		{E2C79809-8662-40B7-9553-A162C98E7D94}.Release|Any CPU.ActiveCfg = Release|Any CPU
		{E2C79809-8662-40B7-9553-A162C98E7D94}.Release|Any CPU.Build.0 = Release|Any CPU
		{5FD1C9AD-B36A-4410-9CFB-B2547D94C8D2}.Debug|Any CPU.ActiveCfg = Debug|Any CPU
		{5FD1C9AD-B36A-4410-9CFB-B2547D94C8D2}.Debug|Any CPU.Build.0 = Debug|Any CPU
		{5FD1C9AD-B36A-4410-9CFB-B2547D94C8D2}.Release|Any CPU.ActiveCfg = Release|Any CPU
		{5FD1C9AD-B36A-4410-9CFB-B2547D94C8D2}.Release|Any CPU.Build.0 = Release|Any CPU
		{79715EE5-8F17-4827-8CD0-35BDBF174873}.Debug|Any CPU.ActiveCfg = Debug|Any CPU
		{79715EE5-8F17-4827-8CD0-35BDBF174873}.Debug|Any CPU.Build.0 = Debug|Any CPU
		{79715EE5-8F17-4827-8CD0-35BDBF174873}.Release|Any CPU.ActiveCfg = Release|Any CPU
		{79715EE5-8F17-4827-8CD0-35BDBF174873}.Release|Any CPU.Build.0 = Release|Any CPU
	EndGlobalSection
	GlobalSection(SolutionProperties) = preSolution
		HideSolutionNode = FALSE
	EndGlobalSection
	GlobalSection(ExtensibilityGlobals) = postSolution
		SolutionGuid = {C551AB44-BD6D-4F25-9912-506948434A18}
	EndGlobalSection
EndGlobal
